
Microsoft Visual Studio Solution File, Format Version 12.00
# Visual Studio Version 16
VisualStudioVersion = 16.0.30114.105
MinimumVisualStudioVersion = 10.0.40219.1
Project("{FAE04EC0-301F-11D3-BF4B-00C04F79EFBC}") = "CustomerApi", "CustomerApi\CustomerApi.csproj", "{25C8D2D9-9055-47A5-87CB-25F656916ADD}"
EndProject
Project("{FAE04EC0-301F-11D3-BF4B-00C04F79EFBC}") = "CustomerApi.Tests", "CustomerApi.Tests\CustomerApi.Tests.csproj", "{60C76CF5-E828-43F7-80A6-8D4269C10212}"
EndProject
Global
	GlobalSection(SolutionConfigurationPlatforms) = preSolution
		Debug|Any CPU = Debug|Any CPU
		Release|Any CPU = Release|Any CPU
	EndGlobalSection
	GlobalSection(SolutionProperties) = preSolution
		HideSolutionNode = FALSE
	EndGlobalSection
	GlobalSection(ProjectConfigurationPlatforms) = postSolution
		{25C8D2D9-9055-47A5-87CB-25F656916ADD}.Debug|Any CPU.ActiveCfg = Debug|Any CPU
		{25C8D2D9-9055-47A5-87CB-25F656916ADD}.Debug|Any CPU.Build.0 = Debug|Any CPU
		{25C8D2D9-9055-47A5-87CB-25F656916ADD}.Release|Any CPU.ActiveCfg = Release|Any CPU
		{25C8D2D9-9055-47A5-87CB-25F656916ADD}.Release|Any CPU.Build.0 = Release|Any CPU
		{60C76CF5-E828-43F7-80A6-8D4269C10212}.Debug|Any CPU.ActiveCfg = Debug|Any CPU
		{60C76CF5-E828-43F7-80A6-8D4269C10212}.Debug|Any CPU.Build.0 = Debug|Any CPU
		{60C76CF5-E828-43F7-80A6-8D4269C10212}.Release|Any CPU.ActiveCfg = Release|Any CPU
		{60C76CF5-E828-43F7-80A6-8D4269C10212}.Release|Any CPU.Build.0 = Release|Any CPU
	EndGlobalSection
EndGlobal
